
Microsoft Visual Studio Solution File, Format Version 12.00
# Visual Studio 15
VisualStudioVersion = 15.0.27428.2015
MinimumVisualStudioVersion = 10.0.40219.1
Project("{FAE04EC0-301F-11D3-BF4B-00C04F79EFBC}") = "buildmyunicorn", "buildmyunicorn\buildmyunicorn.csproj", "{8E904B33-C694-436F-9F8A-26F622D11B02}"
EndProject
Global
	GlobalSection(SolutionConfigurationPlatforms) = preSolution
		Debug|Any CPU = Debug|Any CPU
		Release|Any CPU = Release|Any CPU
	EndGlobalSection
	GlobalSection(ProjectConfigurationPlatforms) = postSolution
		{8E904B33-C694-436F-9F8A-26F622D11B02}.Debug|Any CPU.ActiveCfg = Debug|Any CPU
		{8E904B33-C694-436F-9F8A-26F622D11B02}.Debug|Any CPU.Build.0 = Debug|Any CPU
		{8E904B33-C694-436F-9F8A-26F622D11B02}.Release|Any CPU.ActiveCfg = Release|Any CPU
		{8E904B33-C694-436F-9F8A-26F622D11B02}.Release|Any CPU.Build.0 = Release|Any CPU
	EndGlobalSection
	GlobalSection(SolutionProperties) = preSolution
		HideSolutionNode = FALSE
	EndGlobalSection
	GlobalSection(ExtensibilityGlobals) = postSolution
		SolutionGuid = {63538AB7-6405-45F5-BE02-33182B974BC1}
	EndGlobalSection
EndGlobal
